
Microsoft Visual Studio Solution File, Format Version 12.00
# Visual Studio Version 17
VisualStudioVersion = 17.4.33213.308
MinimumVisualStudioVersion = 10.0.40219.1
Project("{FAE04EC0-301F-11D3-BF4B-00C04F79EFBC}") = "lab1_ClassesInheritance(SiSharp)", "lab1_ClassesInheritance(SiSharp)\lab1_ClassesInheritance(SiSharp).csproj", "{CC14E3C6-C236-458A-8169-A1BBEFA2E0AA}"
EndProject
Global
	GlobalSection(SolutionConfigurationPlatforms) = preSolution
		Debug|Any CPU = Debug|Any CPU
		Release|Any CPU = Release|Any CPU
	EndGlobalSection
	GlobalSection(ProjectConfigurationPlatforms) = postSolution
		{CC14E3C6-C236-458A-8169-A1BBEFA2E0AA}.Debug|Any CPU.ActiveCfg = Debug|Any CPU
		{CC14E3C6-C236-458A-8169-A1BBEFA2E0AA}.Debug|Any CPU.Build.0 = Debug|Any CPU
		{CC14E3C6-C236-458A-8169-A1BBEFA2E0AA}.Release|Any CPU.ActiveCfg = Release|Any CPU
		{CC14E3C6-C236-458A-8169-A1BBEFA2E0AA}.Release|Any CPU.Build.0 = Release|Any CPU
	EndGlobalSection
	GlobalSection(SolutionProperties) = preSolution
		HideSolutionNode = FALSE
	EndGlobalSection
	GlobalSection(ExtensibilityGlobals) = postSolution
		SolutionGuid = {8CC1455A-D52C-40E5-9C80-FF06B832E2DB}
	EndGlobalSection
EndGlobal
